// !$*UTF8*$!
{
	archiveVersion = 1;
	classes = {
	};
	objectVersion = 46;
	objects = {

/* Begin PBXBuildFile section */
		A498AE1F170C4E5D00D664AD /* UIKit.framework in Frameworks */ = {isa = PBXBuildFile; fileRef = A498AE1E170C4E5D00D664AD /* UIKit.framework */; };
		A498AE21170C4E5D00D664AD /* Foundation.framework in Frameworks */ = {isa = PBXBuildFile; fileRef = A498AE20170C4E5D00D664AD /* Foundation.framework */; };
		A498AE23170C4E5D00D664AD /* CoreGraphics.framework in Frameworks */ = {isa = PBXBuildFile; fileRef = A498AE22170C4E5D00D664AD /* CoreGraphics.framework */; };
		A498AE29170C4E5D00D664AD /* InfoPlist.strings in Resources */ = {isa = PBXBuildFile; fileRef = A498AE27170C4E5D00D664AD /* InfoPlist.strings */; };
		A498AE2B170C4E5D00D664AD /* main.m in Sources */ = {isa = PBXBuildFile; fileRef = A498AE2A170C4E5D00D664AD /* main.m */; };
		A498AE2F170C4E5D00D664AD /* AppDelegate.m in Sources */ = {isa = PBXBuildFile; fileRef = A498AE2E170C4E5D00D664AD /* AppDelegate.m */; };
		A498AE31170C4E5D00D664AD /* Default.png in Resources */ = {isa = PBXBuildFile; fileRef = A498AE30170C4E5D00D664AD /* Default.png */; };
		A498AE33170C4E5D00D664AD /* Default@2x.png in Resources */ = {isa = PBXBuildFile; fileRef = A498AE32170C4E5D00D664AD /* Default@2x.png */; };
		A498AE35170C4E5D00D664AD /* Default-568h@2x.png in Resources */ = {isa = PBXBuildFile; fileRef = A498AE34170C4E5D00D664AD /* Default-568h@2x.png */; };
		A498AE38170C4E5E00D664AD /* ViewController.mm in Sources */ = {isa = PBXBuildFile; fileRef = A498AE37170C4E5E00D664AD /* ViewController.mm */; };
		A498AE3B170C4E5E00D664AD /* ViewController_iPhone.xib in Resources */ = {isa = PBXBuildFile; fileRef = A498AE39170C4E5E00D664AD /* ViewController_iPhone.xib */; };
		A498AE3E170C4E5E00D664AD /* ViewController_iPad.xib in Resources */ = {isa = PBXBuildFile; fileRef = A498AE3C170C4E5E00D664AD /* ViewController_iPad.xib */; };
		A498AE4C170C554A00D664AD /* InfoViewController.m in Sources */ = {isa = PBXBuildFile; fileRef = A498AE4A170C554A00D664AD /* InfoViewController.m */; };
		A498AE4D170C554A00D664AD /* InfoViewController.xib in Resources */ = {isa = PBXBuildFile; fileRef = A498AE4B170C554A00D664AD /* InfoViewController.xib */; };
		A498AE4F170C68C300D664AD /* icon@2x.png in Resources */ = {isa = PBXBuildFile; fileRef = A498AE4E170C68C300D664AD /* icon@2x.png */; };
/* End PBXBuildFile section */

/* Begin PBXFileReference section */
		A498AE1B170C4E5D00D664AD /* Injector.app */ = {isa = PBXFileReference; explicitFileType = wrapper.application; includeInIndex = 0; path = Injector.app; sourceTree = BUILT_PRODUCTS_DIR; };
		A498AE1E170C4E5D00D664AD /* UIKit.framework */ = {isa = PBXFileReference; lastKnownFileType = wrapper.framework; name = UIKit.framework; path = System/Library/Frameworks/UIKit.framework; sourceTree = SDKROOT; };
		A498AE20170C4E5D00D664AD /* Foundation.framework */ = {isa = PBXFileReference; lastKnownFileType = wrapper.framework; name = Foundation.framework; path = System/Library/Frameworks/Foundation.framework; sourceTree = SDKROOT; };
		A498AE22170C4E5D00D664AD /* CoreGraphics.framework */ = {isa = PBXFileReference; lastKnownFileType = wrapper.framework; name = CoreGraphics.framework; path = System/Library/Frameworks/CoreGraphics.framework; sourceTree = SDKROOT; };
		A498AE26170C4E5D00D664AD /* Injector-Info.plist */ = {isa = PBXFileReference; lastKnownFileType = text.plist.xml; path = "Injector-Info.plist"; sourceTree = "<group>"; };
		A498AE28170C4E5D00D664AD /* en */ = {isa = PBXFileReference; lastKnownFileType = text.plist.strings; name = en; path = en.lproj/InfoPlist.strings; sourceTree = "<group>"; };
		A498AE2A170C4E5D00D664AD /* main.m */ = {isa = PBXFileReference; lastKnownFileType = sourcecode.c.objc; path = main.m; sourceTree = "<group>"; };
		A498AE2C170C4E5D00D664AD /* Injector-Prefix.pch */ = {isa = PBXFileReference; lastKnownFileType = sourcecode.c.h; path = "Injector-Prefix.pch"; sourceTree = "<group>"; };
		A498AE2D170C4E5D00D664AD /* AppDelegate.h */ = {isa = PBXFileReference; lastKnownFileType = sourcecode.c.h; path = AppDelegate.h; sourceTree = "<group>"; };
		A498AE2E170C4E5D00D664AD /* AppDelegate.m */ = {isa = PBXFileReference; lastKnownFileType = sourcecode.c.objc; path = AppDelegate.m; sourceTree = "<group>"; };
		A498AE30170C4E5D00D664AD /* Default.png */ = {isa = PBXFileReference; lastKnownFileType = image.png; path = Default.png; sourceTree = "<group>"; };
		A498AE32170C4E5D00D664AD /* Default@2x.png */ = {isa = PBXFileReference; lastKnownFileType = image.png; path = "Default@2x.png"; sourceTree = "<group>"; };
		A498AE34170C4E5D00D664AD /* Default-568h@2x.png */ = {isa = PBXFileReference; lastKnownFileType = image.png; path = "Default-568h@2x.png"; sourceTree = "<group>"; };
		A498AE36170C4E5E00D664AD /* ViewController.h */ = {isa = PBXFileReference; lastKnownFileType = sourcecode.c.h; path = ViewController.h; sourceTree = "<group>"; };
		A498AE37170C4E5E00D664AD /* ViewController.mm */ = {isa = PBXFileReference; lastKnownFileType = sourcecode.cpp.objcpp; path = ViewController.mm; sourceTree = "<group>"; };
		A498AE3A170C4E5E00D664AD /* en */ = {isa = PBXFileReference; lastKnownFileType = file.xib; name = en; path = en.lproj/ViewController_iPhone.xib; sourceTree = "<group>"; };
		A498AE3D170C4E5E00D664AD /* en */ = {isa = PBXFileReference; lastKnownFileType = file.xib; name = en; path = en.lproj/ViewController_iPad.xib; sourceTree = "<group>"; };
		A498AE49170C554A00D664AD /* InfoViewController.h */ = {isa = PBXFileReference; fileEncoding = 4; lastKnownFileType = sourcecode.c.h; path = InfoViewController.h; sourceTree = "<group>"; };
		A498AE4A170C554A00D664AD /* InfoViewController.m */ = {isa = PBXFileReference; fileEncoding = 4; lastKnownFileType = sourcecode.c.objc; path = InfoViewController.m; sourceTree = "<group>"; };
		A498AE4B170C554A00D664AD /* InfoViewController.xib */ = {isa = PBXFileReference; fileEncoding = 4; lastKnownFileType = file.xib; path = InfoViewController.xib; sourceTree = "<group>"; };
		A498AE4E170C68C300D664AD /* icon@2x.png */ = {isa = PBXFileReference; lastKnownFileType = image.png; path = "icon@2x.png"; sourceTree = "<group>"; };
/* End PBXFileReference section */

/* Begin PBXFrameworksBuildPhase section */
		A498AE18170C4E5D00D664AD /* Frameworks */ = {
			isa = PBXFrameworksBuildPhase;
			buildActionMask = 2147483647;
			files = (
				A498AE1F170C4E5D00D664AD /* UIKit.framework in Frameworks */,
				A498AE21170C4E5D00D664AD /* Foundation.framework in Frameworks */,
				A498AE23170C4E5D00D664AD /* CoreGraphics.framework in Frameworks */,
			);
			runOnlyForDeploymentPostprocessing = 0;
		};
/* End PBXFrameworksBuildPhase section */

/* Begin PBXGroup section */
		A498AE12170C4E5D00D664AD = {
			isa = PBXGroup;
			children = (
				A498AE4E170C68C300D664AD /* icon@2x.png */,
				A498AE24170C4E5D00D664AD /* Injector */,
				A498AE1D170C4E5D00D664AD /* Frameworks */,
				A498AE1C170C4E5D00D664AD /* Products */,
			);
			sourceTree = "<group>";
		};
		A498AE1C170C4E5D00D664AD /* Products */ = {
			isa = PBXGroup;
			children = (
				A498AE1B170C4E5D00D664AD /* Injector.app */,
			);
			name = Products;
			sourceTree = "<group>";
		};
		A498AE1D170C4E5D00D664AD /* Frameworks */ = {
			isa = PBXGroup;
			children = (
				A498AE1E170C4E5D00D664AD /* UIKit.framework */,
				A498AE20170C4E5D00D664AD /* Foundation.framework */,
				A498AE22170C4E5D00D664AD /* CoreGraphics.framework */,
			);
			name = Frameworks;
			sourceTree = "<group>";
		};
		A498AE24170C4E5D00D664AD /* Injector */ = {
			isa = PBXGroup;
			children = (
				A498AE2D170C4E5D00D664AD /* AppDelegate.h */,
				A498AE2E170C4E5D00D664AD /* AppDelegate.m */,
				A498AE36170C4E5E00D664AD /* ViewController.h */,
				A498AE37170C4E5E00D664AD /* ViewController.mm */,
				A498AE39170C4E5E00D664AD /* ViewController_iPhone.xib */,
				A498AE3C170C4E5E00D664AD /* ViewController_iPad.xib */,
				A498AE49170C554A00D664AD /* InfoViewController.h */,
				A498AE4A170C554A00D664AD /* InfoViewController.m */,
				A498AE4B170C554A00D664AD /* InfoViewController.xib */,
				A498AE25170C4E5D00D664AD /* Supporting Files */,
			);
			path = Injector;
			sourceTree = "<group>";
		};
		A498AE25170C4E5D00D664AD /* Supporting Files */ = {
			isa = PBXGroup;
			children = (
				A498AE26170C4E5D00D664AD /* Injector-Info.plist */,
				A498AE27170C4E5D00D664AD /* InfoPlist.strings */,
				A498AE2A170C4E5D00D664AD /* main.m */,
				A498AE2C170C4E5D00D664AD /* Injector-Prefix.pch */,
				A498AE30170C4E5D00D664AD /* Default.png */,
				A498AE32170C4E5D00D664AD /* Default@2x.png */,
				A498AE34170C4E5D00D664AD /* Default-568h@2x.png */,
			);
			name = "Supporting Files";
			sourceTree = "<group>";
		};
/* End PBXGroup section */

/* Begin PBXNativeTarget section */
		A498AE1A170C4E5D00D664AD /* Injector */ = {
			isa = PBXNativeTarget;
			buildConfigurationList = A498AE41170C4E5E00D664AD /* Build configuration list for PBXNativeTarget "Injector" */;
			buildPhases = (
				A498AE17170C4E5D00D664AD /* Sources */,
				A498AE18170C4E5D00D664AD /* Frameworks */,
				A498AE19170C4E5D00D664AD /* Resources */,
			);
			buildRules = (
			);
			dependencies = (
			);
			name = Injector;
			productName = Injector;
			productReference = A498AE1B170C4E5D00D664AD /* Injector.app */;
			productType = "com.apple.product-type.application";
		};
/* End PBXNativeTarget section */

/* Begin PBXProject section */
		A498AE13170C4E5D00D664AD /* Project object */ = {
			isa = PBXProject;
			attributes = {
				LastUpgradeCheck = 0460;
				ORGANIZATIONNAME = suu;
			};
			buildConfigurationList = A498AE16170C4E5D00D664AD /* Build configuration list for PBXProject "Injector" */;
			compatibilityVersion = "Xcode 3.2";
			developmentRegion = English;
			hasScannedForEncodings = 0;
			knownRegions = (
				en,
			);
			mainGroup = A498AE12170C4E5D00D664AD;
			productRefGroup = A498AE1C170C4E5D00D664AD /* Products */;
			projectDirPath = "";
			projectRoot = "";
			targets = (
				A498AE1A170C4E5D00D664AD /* Injector */,
			);
		};
/* End PBXProject section */

/* Begin PBXResourcesBuildPhase section */
		A498AE19170C4E5D00D664AD /* Resources */ = {
			isa = PBXResourcesBuildPhase;
			buildActionMask = 2147483647;
			files = (
				A498AE29170C4E5D00D664AD /* InfoPlist.strings in Resources */,
				A498AE31170C4E5D00D664AD /* Default.png in Resources */,
				A498AE33170C4E5D00D664AD /* Default@2x.png in Resources */,
				A498AE35170C4E5D00D664AD /* Default-568h@2x.png in Resources */,
				A498AE3B170C4E5E00D664AD /* ViewController_iPhone.xib in Resources */,
				A498AE3E170C4E5E00D664AD /* ViewController_iPad.xib in Resources */,
				A498AE4D170C554A00D664AD /* InfoViewController.xib in Resources */,
				A498AE4F170C68C300D664AD /* icon@2x.png in Resources */,
			);
			runOnlyForDeploymentPostprocessing = 0;
		};
/* End PBXResourcesBuildPhase section */

/* Begin PBXSourcesBuildPhase section */
		A498AE17170C4E5D00D664AD /* Sources */ = {
			isa = PBXSourcesBuildPhase;
			buildActionMask = 2147483647;
			files = (
				A498AE2B170C4E5D00D664AD /* main.m in Sources */,
				A498AE2F170C4E5D00D664AD /* AppDelegate.m in Sources */,
				A498AE38170C4E5E00D664AD /* ViewController.mm in Sources */,
				A498AE4C170C554A00D664AD /* InfoViewController.m in Sources */,
			);
			runOnlyForDeploymentPostprocessing = 0;
		};
/* End PBXSourcesBuildPhase section */

/* Begin PBXVariantGroup section */
		A498AE27170C4E5D00D664AD /* InfoPlist.strings */ = {
			isa = PBXVariantGroup;
			children = (
				A498AE28170C4E5D00D664AD /* en */,
			);
			name = InfoPlist.strings;
			sourceTree = "<group>";
		};
		A498AE39170C4E5E00D664AD /* ViewController_iPhone.xib */ = {
			isa = PBXVariantGroup;
			children = (
				A498AE3A170C4E5E00D664AD /* en */,
			);
			name = ViewController_iPhone.xib;
			sourceTree = "<group>";
		};
		A498AE3C170C4E5E00D664AD /* ViewController_iPad.xib */ = {
			isa = PBXVariantGroup;
			children = (
				A498AE3D170C4E5E00D664AD /* en */,
			);
			name = ViewController_iPad.xib;
			sourceTree = "<group>";
		};
/* End PBXVariantGroup section */

/* Begin XCBuildConfiguration section */
		A498AE3F170C4E5E00D664AD /* Debug */ = {
			isa = XCBuildConfiguration;
			buildSettings = {
				ALWAYS_SEARCH_USER_PATHS = NO;
				CLANG_CXX_LANGUAGE_STANDARD = "gnu++0x";
				CLANG_CXX_LIBRARY = "libc++";
				CLANG_ENABLE_OBJC_ARC = YES;
				CLANG_WARN_CONSTANT_CONVERSION = YES;
				CLANG_WARN_EMPTY_BODY = YES;
				CLANG_WARN_ENUM_CONVERSION = YES;
				CLANG_WARN_INT_CONVERSION = YES;
				CLANG_WARN__DUPLICATE_METHOD_MATCH = YES;
				"CODE_SIGN_IDENTITY[sdk=iphoneos*]" = "iPhone Developer";
				COPY_PHASE_STRIP = NO;
				GCC_C_LANGUAGE_STANDARD = gnu99;
				GCC_DYNAMIC_NO_PIC = NO;
				GCC_OPTIMIZATION_LEVEL = 0;
				GCC_PREPROCESSOR_DEFINITIONS = (
					"DEBUG=1",
					"$(inherited)",
				);
				GCC_SYMBOLS_PRIVATE_EXTERN = NO;
				GCC_WARN_ABOUT_RETURN_TYPE = YES;
				GCC_WARN_UNINITIALIZED_AUTOS = YES;
				GCC_WARN_UNUSED_VARIABLE = YES;
				IPHONEOS_DEPLOYMENT_TARGET = 6.0;
				ONLY_ACTIVE_ARCH = YES;
				SDKROOT = iphoneos;
				TARGETED_DEVICE_FAMILY = "1,2";
			};
			name = Debug;
		};
		A498AE40170C4E5E00D664AD /* Release */ = {
			isa = XCBuildConfiguration;
			buildSettings = {
				ALWAYS_SEARCH_USER_PATHS = NO;
				CLANG_CXX_LANGUAGE_STANDARD = "gnu++0x";
				CLANG_CXX_LIBRARY = "libc++";
				CLANG_ENABLE_OBJC_ARC = YES;
				CLANG_WARN_CONSTANT_CONVERSION = YES;
				CLANG_WARN_EMPTY_BODY = YES;
				CLANG_WARN_ENUM_CONVERSION = YES;
				CLANG_WARN_INT_CONVERSION = YES;
				CLANG_WARN__DUPLICATE_METHOD_MATCH = YES;
				"CODE_SIGN_IDENTITY[sdk=iphoneos*]" = "iPhone Developer";
				COPY_PHASE_STRIP = YES;
				GCC_C_LANGUAGE_STANDARD = gnu99;
				GCC_WARN_ABOUT_RETURN_TYPE = YES;
				GCC_WARN_UNINITIALIZED_AUTOS = YES;
				GCC_WARN_UNUSED_VARIABLE = YES;
				IPHONEOS_DEPLOYMENT_TARGET = 6.0;
				OTHER_CFLAGS = "-DNS_BLOCK_ASSERTIONS=1";
				SDKROOT = iphoneos;
				TARGETED_DEVICE_FAMILY = "1,2";
				VALIDATE_PRODUCT = YES;
			};
			name = Release;
		};
		A498AE42170C4E5E00D664AD /* Debug */ = {
			isa = XCBuildConfiguration;
			buildSettings = {
				GCC_PRECOMPILE_PREFIX_HEADER = YES;
				GCC_PREFIX_HEADER = "Injector/Injector-Prefix.pch";
				INFOPLIST_FILE = "Injector/Injector-Info.plist";
				PRODUCT_NAME = "$(TARGET_NAME)";
				WRAPPER_EXTENSION = app;
			};
			name = Debug;
		};
		A498AE43170C4E5E00D664AD /* Release */ = {
			isa = XCBuildConfiguration;
			buildSettings = {
				GCC_PRECOMPILE_PREFIX_HEADER = YES;
				GCC_PREFIX_HEADER = "Injector/Injector-Prefix.pch";
				INFOPLIST_FILE = "Injector/Injector-Info.plist";
				PRODUCT_NAME = "$(TARGET_NAME)";
				WRAPPER_EXTENSION = app;
			};
			name = Release;
		};
/* End XCBuildConfiguration section */

/* Begin XCConfigurationList section */
		A498AE16170C4E5D00D664AD /* Build configuration list for PBXProject "Injector" */ = {
			isa = XCConfigurationList;
			buildConfigurations = (
				A498AE3F170C4E5E00D664AD /* Debug */,
				A498AE40170C4E5E00D664AD /* Release */,
			);
			defaultConfigurationIsVisible = 0;
			defaultConfigurationName = Release;
		};
		A498AE41170C4E5E00D664AD /* Build configuration list for PBXNativeTarget "Injector" */ = {
			isa = XCConfigurationList;
			buildConfigurations = (
				A498AE42170C4E5E00D664AD /* Debug */,
				A498AE43170C4E5E00D664AD /* Release */,
			);
			defaultConfigurationIsVisible = 0;
			defaultConfigurationName = Release;
		};
/* End XCConfigurationList section */
	};
	rootObject = A498AE13170C4E5D00D664AD /* Project object */;
}
